// !$*UTF8*$!
{
	archiveVersion = 1;
	classes = {
	};
	objectVersion = 77;
	objects = {

/* Begin PBXContainerItemProxy section */
		9DE20FE32D13744C00441D75 /* PBXContainerItemProxy */ = {
			isa = PBXContainerItemProxy;
			containerPortal = 9DE20FC12D13744A00441D75 /* Project object */;
			proxyType = 1;
			remoteGlobalIDString = 9DE20FC82D13744A00441D75;
			remoteInfo = MeMe;
		};
		9DE20FED2D13744C00441D75 /* PBXContainerItemProxy */ = {
			isa = PBXContainerItemProxy;
			containerPortal = 9DE20FC12D13744A00441D75 /* Project object */;
			proxyType = 1;
			remoteGlobalIDString = 9DE20FC82D13744A00441D75;
			remoteInfo = MeMe;
		};
/* End PBXContainerItemProxy section */

/* Begin PBXFileReference section */
		9DE20FC92D13744A00441D75 /* MeMe.app */ = {isa = PBXFileReference; explicitFileType = wrapper.application; includeInIndex = 0; path = MeMe.app; sourceTree = BUILT_PRODUCTS_DIR; };
		9DE20FE22D13744C00441D75 /* MeMeTests.xctest */ = {isa = PBXFileReference; explicitFileType = wrapper.cfbundle; includeInIndex = 0; path = MeMeTests.xctest; sourceTree = BUILT_PRODUCTS_DIR; };
		9DE20FEC2D13744C00441D75 /* MeMeUITests.xctest */ = {isa = PBXFileReference; explicitFileType = wrapper.cfbundle; includeInIndex = 0; path = MeMeUITests.xctest; sourceTree = BUILT_PRODUCTS_DIR; };
/* End PBXFileReference section */

/* Begin PBXFileSystemSynchronizedBuildFileExceptionSet section */
		9DE20FF42D13744C00441D75 /* Exceptions for "MeMe" folder in "MeMe" target */ = {
			isa = PBXFileSystemSynchronizedBuildFileExceptionSet;
			membershipExceptions = (
				Info.plist,
			);
			target = 9DE20FC82D13744A00441D75 /* MeMe */;
		};
/* End PBXFileSystemSynchronizedBuildFileExceptionSet section */

/* Begin PBXFileSystemSynchronizedRootGroup section */
		9DE20FCB2D13744A00441D75 /* MeMe */ = {
			isa = PBXFileSystemSynchronizedRootGroup;
			exceptions = (
				9DE20FF42D13744C00441D75 /* Exceptions for "MeMe" folder in "MeMe" target */,
			);
			path = MeMe;
			sourceTree = "<group>";
		};
		9DE20FE52D13744C00441D75 /* MeMeTests */ = {
			isa = PBXFileSystemSynchronizedRootGroup;
			path = MeMeTests;
			sourceTree = "<group>";
		};
		9DE20FEF2D13744C00441D75 /* MeMeUITests */ = {
			isa = PBXFileSystemSynchronizedRootGroup;
			path = MeMeUITests;
			sourceTree = "<group>";
		};
/* End PBXFileSystemSynchronizedRootGroup section */

/* Begin PBXFrameworksBuildPhase section */
		9DE20FC62D13744A00441D75 /* Frameworks */ = {
			isa = PBXFrameworksBuildPhase;
			buildActionMask = 2147483647;
			files = (
			);
			runOnlyForDeploymentPostprocessing = 0;
		};
		9DE20FDF2D13744C00441D75 /* Frameworks */ = {
			isa = PBXFrameworksBuildPhase;
			buildActionMask = 2147483647;
			files = (
			);
			runOnlyForDeploymentPostprocessing = 0;
		};
		9DE20FE92D13744C00441D75 /* Frameworks */ = {
			isa = PBXFrameworksBuildPhase;
			buildActionMask = 2147483647;
			files = (
			);
			runOnlyForDeploymentPostprocessing = 0;
		};
/* End PBXFrameworksBuildPhase section */

/* Begin PBXGroup section */
		9DE20FC02D13744A00441D75 = {
			isa = PBXGroup;
			children = (
				9DE20FCB2D13744A00441D75 /* MeMe */,
				9DE20FE52D13744C00441D75 /* MeMeTests */,
				9DE20FEF2D13744C00441D75 /* MeMeUITests */,
				9DE20FCA2D13744A00441D75 /* Products */,
			);
			sourceTree = "<group>";
		};
		9DE20FCA2D13744A00441D75 /* Products */ = {
			isa = PBXGroup;
			children = (
				9DE20FC92D13744A00441D75 /* MeMe.app */,
				9DE20FE22D13744C00441D75 /* MeMeTests.xctest */,
				9DE20FEC2D13744C00441D75 /* MeMeUITests.xctest */,
			);
			name = Products;
			sourceTree = "<group>";
		};
/* End PBXGroup section */

/* Begin PBXNativeTarget section */
		9DE20FC82D13744A00441D75 /* MeMe */ = {
			isa = PBXNativeTarget;
			buildConfigurationList = 9DE20FF52D13744C00441D75 /* Build configuration list for PBXNativeTarget "MeMe" */;
			buildPhases = (
				9DE20FC52D13744A00441D75 /* Sources */,
				9DE20FC62D13744A00441D75 /* Frameworks */,
				9DE20FC72D13744A00441D75 /* Resources */,
			);
			buildRules = (
			);
			dependencies = (
			);
			fileSystemSynchronizedGroups = (
				9DE20FCB2D13744A00441D75 /* MeMe */,
			);
			name = MeMe;
			packageProductDependencies = (
			);
			productName = MeMe;
			productReference = 9DE20FC92D13744A00441D75 /* MeMe.app */;
			productType = "com.apple.product-type.application";
		};
		9DE20FE12D13744C00441D75 /* MeMeTests */ = {
			isa = PBXNativeTarget;
			buildConfigurationList = 9DE20FFA2D13744C00441D75 /* Build configuration list for PBXNativeTarget "MeMeTests" */;
			buildPhases = (
				9DE20FDE2D13744C00441D75 /* Sources */,
				9DE20FDF2D13744C00441D75 /* Frameworks */,
				9DE20FE02D13744C00441D75 /* Resources */,
			);
			buildRules = (
			);
			dependencies = (
				9DE20FE42D13744C00441D75 /* PBXTargetDependency */,
			);
			fileSystemSynchronizedGroups = (
				9DE20FE52D13744C00441D75 /* MeMeTests */,
			);
			name = MeMeTests;
			packageProductDependencies = (
			);
			productName = MeMeTests;
			productReference = 9DE20FE22D13744C00441D75 /* MeMeTests.xctest */;
			productType = "com.apple.product-type.bundle.unit-test";
		};
		9DE20FEB2D13744C00441D75 /* MeMeUITests */ = {
			isa = PBXNativeTarget;
			buildConfigurationList = 9DE20FFD2D13744C00441D75 /* Build configuration list for PBXNativeTarget "MeMeUITests" */;
			buildPhases = (
				9DE20FE82D13744C00441D75 /* Sources */,
				9DE20FE92D13744C00441D75 /* Frameworks */,
				9DE20FEA2D13744C00441D75 /* Resources */,
			);
			buildRules = (
			);
			dependencies = (
				9DE20FEE2D13744C00441D75 /* PBXTargetDependency */,
			);
			fileSystemSynchronizedGroups = (
				9DE20FEF2D13744C00441D75 /* MeMeUITests */,
			);
			name = MeMeUITests;
			packageProductDependencies = (
			);
			productName = MeMeUITests;
			productReference = 9DE20FEC2D13744C00441D75 /* MeMeUITests.xctest */;
			productType = "com.apple.product-type.bundle.ui-testing";
		};
/* End PBXNativeTarget section */

/* Begin PBXProject section */
		9DE20FC12D13744A00441D75 /* Project object */ = {
			isa = PBXProject;
			attributes = {
				BuildIndependentTargetsInParallel = 1;
				LastSwiftUpdateCheck = 1620;
				LastUpgradeCheck = 1620;
				TargetAttributes = {
					9DE20FC82D13744A00441D75 = {
						CreatedOnToolsVersion = 16.2;
					};
					9DE20FE12D13744C00441D75 = {
						CreatedOnToolsVersion = 16.2;
						TestTargetID = 9DE20FC82D13744A00441D75;
					};
					9DE20FEB2D13744C00441D75 = {
						CreatedOnToolsVersion = 16.2;
						TestTargetID = 9DE20FC82D13744A00441D75;
					};
				};
			};
			buildConfigurationList = 9DE20FC42D13744A00441D75 /* Build configuration list for PBXProject "MeMe" */;
			developmentRegion = en;
			hasScannedForEncodings = 0;
			knownRegions = (
				en,
				Base,
			);
			mainGroup = 9DE20FC02D13744A00441D75;
			minimizedProjectReferenceProxies = 1;
			preferredProjectObjectVersion = 77;
			productRefGroup = 9DE20FCA2D13744A00441D75 /* Products */;
			projectDirPath = "";
			projectRoot = "";
			targets = (
				9DE20FC82D13744A00441D75 /* MeMe */,
				9DE20FE12D13744C00441D75 /* MeMeTests */,
				9DE20FEB2D13744C00441D75 /* MeMeUITests */,
			);
		};
/* End PBXProject section */

/* Begin PBXResourcesBuildPhase section */
		9DE20FC72D13744A00441D75 /* Resources */ = {
			isa = PBXResourcesBuildPhase;
			buildActionMask = 2147483647;
			files = (
			);
			runOnlyForDeploymentPostprocessing = 0;
		};
		9DE20FE02D13744C00441D75 /* Resources */ = {
			isa = PBXResourcesBuildPhase;
			buildActionMask = 2147483647;
			files = (
			);
			runOnlyForDeploymentPostprocessing = 0;
		};
		9DE20FEA2D13744C00441D75 /* Resources */ = {
			isa = PBXResourcesBuildPhase;
			buildActionMask = 2147483647;
			files = (
			);
			runOnlyForDeploymentPostprocessing = 0;
		};
/* End PBXResourcesBuildPhase section */

/* Begin PBXSourcesBuildPhase section */
		9DE20FC52D13744A00441D75 /* Sources */ = {
			isa = PBXSourcesBuildPhase;
			buildActionMask = 2147483647;
			files = (
			);
			runOnlyForDeploymentPostprocessing = 0;
		};
		9DE20FDE2D13744C00441D75 /* Sources */ = {
			isa = PBXSourcesBuildPhase;
			buildActionMask = 2147483647;
			files = (
			);
			runOnlyForDeploymentPostprocessing = 0;
		};
		9DE20FE82D13744C00441D75 /* Sources */ = {
			isa = PBXSourcesBuildPhase;
			buildActionMask = 2147483647;
			files = (
			);
			runOnlyForDeploymentPostprocessing = 0;
		};
/* End PBXSourcesBuildPhase section */

/* Begin PBXTargetDependency section */
		9DE20FE42D13744C00441D75 /* PBXTargetDependency */ = {
			isa = PBXTargetDependency;
			target = 9DE20FC82D13744A00441D75 /* MeMe */;
			targetProxy = 9DE20FE32D13744C00441D75 /* PBXContainerItemProxy */;
		};
		9DE20FEE2D13744C00441D75 /* PBXTargetDependency */ = {
			isa = PBXTargetDependency;
			target = 9DE20FC82D13744A00441D75 /* MeMe */;
			targetProxy = 9DE20FED2D13744C00441D75 /* PBXContainerItemProxy */;
		};
/* End PBXTargetDependency section */

/* Begin XCBuildConfiguration section */
		9DE20FF62D13744C00441D75 /* Debug */ = {
			isa = XCBuildConfiguration;
			buildSettings = {
				ASSETCATALOG_COMPILER_APPICON_NAME = AppIcon;
				ASSETCATALOG_COMPILER_GLOBAL_ACCENT_COLOR_NAME = AccentColor;
				CODE_SIGN_STYLE = Automatic;
				CURRENT_PROJECT_VERSION = 1;
				DEVELOPMENT_TEAM = P9NXT375QP;
				GENERATE_INFOPLIST_FILE = YES;
				INFOPLIST_FILE = MeMe/Info.plist;
				INFOPLIST_KEY_UIApplicationSupportsIndirectInputEvents = YES;
				INFOPLIST_KEY_UILaunchStoryboardName = LaunchScreen;
				INFOPLIST_KEY_UIMainStoryboardFile = Main;
				INFOPLIST_KEY_UISupportedInterfaceOrientations_iPad = "UIInterfaceOrientationPortrait UIInterfaceOrientationPortraitUpsideDown UIInterfaceOrientationLandscapeLeft UIInterfaceOrientationLandscapeRight";
				INFOPLIST_KEY_UISupportedInterfaceOrientations_iPhone = "UIInterfaceOrientationPortrait UIInterfaceOrientationLandscapeLeft UIInterfaceOrientationLandscapeRight";
				LD_RUNPATH_SEARCH_PATHS = (
					"$(inherited)",
					"@executable_path/Frameworks",
				);
				MARKETING_VERSION = 1.0;
				PRODUCT_BUNDLE_IDENTIFIER = com.jungguen.MeMe;
				PRODUCT_NAME = "$(TARGET_NAME)";
				SWIFT_EMIT_LOC_STRINGS = YES;
				SWIFT_VERSION = 5.0;
				TARGETED_DEVICE_FAMILY = "1,2";
			};
			name = Debug;
		};
		9DE20FF72D13744C00441D75 /* Release */ = {
			isa = XCBuildConfiguration;
			buildSettings = {
				ASSETCATALOG_COMPILER_APPICON_NAME = AppIcon;
				ASSETCATALOG_COMPILER_GLOBAL_ACCENT_COLOR_NAME = AccentColor;
				CODE_SIGN_STYLE = Automatic;
				CURRENT_PROJECT_VERSION = 1;
				DEVELOPMENT_TEAM = P9NXT375QP;
				GENERATE_INFOPLIST_FILE = YES;
				INFOPLIST_FILE = MeMe/Info.plist;
				INFOPLIST_KEY_UIApplicationSupportsIndirectInputEvents = YES;
				INFOPLIST_KEY_UILaunchStoryboardName = LaunchScreen;
				INFOPLIST_KEY_UIMainStoryboardFile = Main;
				INFOPLIST_KEY_UISupportedInterfaceOrientations_iPad = "UIInterfaceOrientationPortrait UIInterfaceOrientationPortraitUpsideDown UIInterfaceOrientationLandscapeLeft UIInterfaceOrientationLandscapeRight";
				INFOPLIST_KEY_UISupportedInterfaceOrientations_iPhone = "UIInterfaceOrientationPortrait UIInterfaceOrientationLandscapeLeft UIInterfaceOrientationLandscapeRight";
				LD_RUNPATH_SEARCH_PATHS = (
					"$(inherited)",
					"@executable_path/Frameworks",
				);
				MARKETING_VERSION = 1.0;
				PRODUCT_BUNDLE_IDENTIFIER = com.jungguen.MeMe;
				PRODUCT_NAME = "$(TARGET_NAME)";
				SWIFT_EMIT_LOC_STRINGS = YES;
				SWIFT_VERSION = 5.0;
				TARGETED_DEVICE_FAMILY = "1,2";
			};
			name = Release;
		};
		9DE20FF82D13744C00441D75 /* Debug */ = {
			isa = XCBuildConfiguration;
			buildSettings = {
				ALWAYS_SEARCH_USER_PATHS = NO;
				ASSETCATALOG_COMPILER_GENERATE_SWIFT_ASSET_SYMBOL_EXTENSIONS = YES;
				CLANG_ANALYZER_NONNULL = YES;
				CLANG_ANALYZER_NUMBER_OBJECT_CONVERSION = YES_AGGRESSIVE;
				CLANG_CXX_LANGUAGE_STANDARD = "gnu++20";
				CLANG_ENABLE_MODULES = YES;
				CLANG_ENABLE_OBJC_ARC = YES;
				CLANG_ENABLE_OBJC_WEAK = YES;
				CLANG_WARN_BLOCK_CAPTURE_AUTORELEASING = YES;
				CLANG_WARN_BOOL_CONVERSION = YES;
				CLANG_WARN_COMMA = YES;
				CLANG_WARN_CONSTANT_CONVERSION = YES;
				CLANG_WARN_DEPRECATED_OBJC_IMPLEMENTATIONS = YES;
				CLANG_WARN_DIRECT_OBJC_ISA_USAGE = YES_ERROR;
				CLANG_WARN_DOCUMENTATION_COMMENTS = YES;
				CLANG_WARN_EMPTY_BODY = YES;
				CLANG_WARN_ENUM_CONVERSION = YES;
				CLANG_WARN_INFINITE_RECURSION = YES;
				CLANG_WARN_INT_CONVERSION = YES;
				CLANG_WARN_NON_LITERAL_NULL_CONVERSION = YES;
				CLANG_WARN_OBJC_IMPLICIT_RETAIN_SELF = YES;
				CLANG_WARN_OBJC_LITERAL_CONVERSION = YES;
				CLANG_WARN_OBJC_ROOT_CLASS = YES_ERROR;
				CLANG_WARN_QUOTED_INCLUDE_IN_FRAMEWORK_HEADER = YES;
				CLANG_WARN_RANGE_LOOP_ANALYSIS = YES;
				CLANG_WARN_STRICT_PROTOTYPES = YES;
				CLANG_WARN_SUSPICIOUS_MOVE = YES;
				CLANG_WARN_UNGUARDED_AVAILABILITY = YES_AGGRESSIVE;
				CLANG_WARN_UNREACHABLE_CODE = YES;
				CLANG_WARN__DUPLICATE_METHOD_MATCH = YES;
				COPY_PHASE_STRIP = NO;
				DEBUG_INFORMATION_FORMAT = dwarf;
				ENABLE_STRICT_OBJC_MSGSEND = YES;
				ENABLE_TESTABILITY = YES;
				ENABLE_USER_SCRIPT_SANDBOXING = YES;
				GCC_C_LANGUAGE_STANDARD = gnu17;
				GCC_DYNAMIC_NO_PIC = NO;
				GCC_NO_COMMON_BLOCKS = YES;
				GCC_OPTIMIZATION_LEVEL = 0;
				GCC_PREPROCESSOR_DEFINITIONS = (
					"DEBUG=1",
					"$(inherited)",
				);
				GCC_WARN_64_TO_32_BIT_CONVERSION = YES;
				GCC_WARN_ABOUT_RETURN_TYPE = YES_ERROR;
				GCC_WARN_UNDECLARED_SELECTOR = YES;
				GCC_WARN_UNINITIALIZED_AUTOS = YES_AGGRESSIVE;
				GCC_WARN_UNUSED_FUNCTION = YES;
				GCC_WARN_UNUSED_VARIABLE = YES;
				IPHONEOS_DEPLOYMENT_TARGET = 18.2;
				LOCALIZATION_PREFERS_STRING_CATALOGS = YES;
				MTL_ENABLE_DEBUG_INFO = INCLUDE_SOURCE;
				MTL_FAST_MATH = YES;
				ONLY_ACTIVE_ARCH = YES;
				SDKROOT = iphoneos;
				SWIFT_ACTIVE_COMPILATION_CONDITIONS = "DEBUG $(inherited)";
				SWIFT_OPTIMIZATION_LEVEL = "-Onone";
			};
			name = Debug;
		};
		9DE20FF92D13744C00441D75 /* Release */ = {
			isa = XCBuildConfiguration;
			buildSettings = {
				ALWAYS_SEARCH_USER_PATHS = NO;
				ASSETCATALOG_COMPILER_GENERATE_SWIFT_ASSET_SYMBOL_EXTENSIONS = YES;
				CLANG_ANALYZER_NONNULL = YES;
				CLANG_ANALYZER_NUMBER_OBJECT_CONVERSION = YES_AGGRESSIVE;
				CLANG_CXX_LANGUAGE_STANDARD = "gnu++20";
				CLANG_ENABLE_MODULES = YES;
				CLANG_ENABLE_OBJC_ARC = YES;
				CLANG_ENABLE_OBJC_WEAK = YES;
				CLANG_WARN_BLOCK_CAPTURE_AUTORELEASING = YES;
				CLANG_WARN_BOOL_CONVERSION = YES;
				CLANG_WARN_COMMA = YES;
				CLANG_WARN_CONSTANT_CONVERSION = YES;
				CLANG_WARN_DEPRECATED_OBJC_IMPLEMENTATIONS = YES;
				CLANG_WARN_DIRECT_OBJC_ISA_USAGE = YES_ERROR;
				CLANG_WARN_DOCUMENTATION_COMMENTS = YES;
				CLANG_WARN_EMPTY_BODY = YES;
				CLANG_WARN_ENUM_CONVERSION = YES;
				CLANG_WARN_INFINITE_RECURSION = YES;
				CLANG_WARN_INT_CONVERSION = YES;
				CLANG_WARN_NON_LITERAL_NULL_CONVERSION = YES;
				CLANG_WARN_OBJC_IMPLICIT_RETAIN_SELF = YES;
				CLANG_WARN_OBJC_LITERAL_CONVERSION = YES;
				CLANG_WARN_OBJC_ROOT_CLASS = YES_ERROR;
				CLANG_WARN_QUOTED_INCLUDE_IN_FRAMEWORK_HEADER = YES;
				CLANG_WARN_RANGE_LOOP_ANALYSIS = YES;
				CLANG_WARN_STRICT_PROTOTYPES = YES;
				CLANG_WARN_SUSPICIOUS_MOVE = YES;
				CLANG_WARN_UNGUARDED_AVAILABILITY = YES_AGGRESSIVE;
				CLANG_WARN_UNREACHABLE_CODE = YES;
				CLANG_WARN__DUPLICATE_METHOD_MATCH = YES;
				COPY_PHASE_STRIP = NO;
				DEBUG_INFORMATION_FORMAT = "dwarf-with-dsym";
				ENABLE_NS_ASSERTIONS = NO;
				ENABLE_STRICT_OBJC_MSGSEND = YES;
				ENABLE_USER_SCRIPT_SANDBOXING = YES;
				GCC_C_LANGUAGE_STANDARD = gnu17;
				GCC_NO_COMMON_BLOCKS = YES;
				GCC_WARN_64_TO_32_BIT_CONVERSION = YES;
				GCC_WARN_ABOUT_RETURN_TYPE = YES_ERROR;
				GCC_WARN_UNDECLARED_SELECTOR = YES;
				GCC_WARN_UNINITIALIZED_AUTOS = YES_AGGRESSIVE;
				GCC_WARN_UNUSED_FUNCTION = YES;
				GCC_WARN_UNUSED_VARIABLE = YES;
				IPHONEOS_DEPLOYMENT_TARGET = 18.2;
				LOCALIZATION_PREFERS_STRING_CATALOGS = YES;
				MTL_ENABLE_DEBUG_INFO = NO;
				MTL_FAST_MATH = YES;
				SDKROOT = iphoneos;
				SWIFT_COMPILATION_MODE = wholemodule;
				VALIDATE_PRODUCT = YES;
			};
			name = Release;
		};
		9DE20FFB2D13744C00441D75 /* Debug */ = {
			isa = XCBuildConfiguration;
			buildSettings = {
				BUNDLE_LOADER = "$(TEST_HOST)";
				CODE_SIGN_STYLE = Automatic;
				CURRENT_PROJECT_VERSION = 1;
				DEVELOPMENT_TEAM = P9NXT375QP;
				GENERATE_INFOPLIST_FILE = YES;
				IPHONEOS_DEPLOYMENT_TARGET = 18.2;
				MARKETING_VERSION = 1.0;
				PRODUCT_BUNDLE_IDENTIFIER = com.jungguen.MeMeTests;
				PRODUCT_NAME = "$(TARGET_NAME)";
				SWIFT_EMIT_LOC_STRINGS = NO;
				SWIFT_VERSION = 5.0;
				TARGETED_DEVICE_FAMILY = "1,2";
				TEST_HOST = "$(BUILT_PRODUCTS_DIR)/MeMe.app/$(BUNDLE_EXECUTABLE_FOLDER_PATH)/MeMe";
			};
			name = Debug;
		};
		9DE20FFC2D13744C00441D75 /* Release */ = {
			isa = XCBuildConfiguration;
			buildSettings = {
				BUNDLE_LOADER = "$(TEST_HOST)";
				CODE_SIGN_STYLE = Automatic;
				CURRENT_PROJECT_VERSION = 1;
				DEVELOPMENT_TEAM = P9NXT375QP;
				GENERATE_INFOPLIST_FILE = YES;
				IPHONEOS_DEPLOYMENT_TARGET = 18.2;
				MARKETING_VERSION = 1.0;
				PRODUCT_BUNDLE_IDENTIFIER = com.jungguen.MeMeTests;
				PRODUCT_NAME = "$(TARGET_NAME)";
				SWIFT_EMIT_LOC_STRINGS = NO;
				SWIFT_VERSION = 5.0;
				TARGETED_DEVICE_FAMILY = "1,2";
				TEST_HOST = "$(BUILT_PRODUCTS_DIR)/MeMe.app/$(BUNDLE_EXECUTABLE_FOLDER_PATH)/MeMe";
			};
			name = Release;
		};
		9DE20FFE2D13744C00441D75 /* Debug */ = {
			isa = XCBuildConfiguration;
			buildSettings = {
				CODE_SIGN_STYLE = Automatic;
				CURRENT_PROJECT_VERSION = 1;
				DEVELOPMENT_TEAM = P9NXT375QP;
				GENERATE_INFOPLIST_FILE = YES;
				MARKETING_VERSION = 1.0;
				PRODUCT_BUNDLE_IDENTIFIER = com.jungguen.MeMeUITests;
				PRODUCT_NAME = "$(TARGET_NAME)";
				SWIFT_EMIT_LOC_STRINGS = NO;
				SWIFT_VERSION = 5.0;
				TARGETED_DEVICE_FAMILY = "1,2";
				TEST_TARGET_NAME = MeMe;
			};
			name = Debug;
		};
		9DE20FFF2D13744C00441D75 /* Release */ = {
			isa = XCBuildConfiguration;
			buildSettings = {
				CODE_SIGN_STYLE = Automatic;
				CURRENT_PROJECT_VERSION = 1;
				DEVELOPMENT_TEAM = P9NXT375QP;
				GENERATE_INFOPLIST_FILE = YES;
				MARKETING_VERSION = 1.0;
				PRODUCT_BUNDLE_IDENTIFIER = com.jungguen.MeMeUITests;
				PRODUCT_NAME = "$(TARGET_NAME)";
				SWIFT_EMIT_LOC_STRINGS = NO;
				SWIFT_VERSION = 5.0;
				TARGETED_DEVICE_FAMILY = "1,2";
				TEST_TARGET_NAME = MeMe;
			};
			name = Release;
		};
/* End XCBuildConfiguration section */

/* Begin XCConfigurationList section */
		9DE20FC42D13744A00441D75 /* Build configuration list for PBXProject "MeMe" */ = {
			isa = XCConfigurationList;
			buildConfigurations = (
				9DE20FF82D13744C00441D75 /* Debug */,
				9DE20FF92D13744C00441D75 /* Release */,
			);
			defaultConfigurationIsVisible = 0;
			defaultConfigurationName = Release;
		};
		9DE20FF52D13744C00441D75 /* Build configuration list for PBXNativeTarget "MeMe" */ = {
			isa = XCConfigurationList;
			buildConfigurations = (
				9DE20FF62D13744C00441D75 /* Debug */,
				9DE20FF72D13744C00441D75 /* Release */,
			);
			defaultConfigurationIsVisible = 0;
			defaultConfigurationName = Release;
		};
		9DE20FFA2D13744C00441D75 /* Build configuration list for PBXNativeTarget "MeMeTests" */ = {
			isa = XCConfigurationList;
			buildConfigurations = (
				9DE20FFB2D13744C00441D75 /* Debug */,
				9DE20FFC2D13744C00441D75 /* Release */,
			);
			defaultConfigurationIsVisible = 0;
			defaultConfigurationName = Release;
		};
		9DE20FFD2D13744C00441D75 /* Build configuration list for PBXNativeTarget "MeMeUITests" */ = {
			isa = XCConfigurationList;
			buildConfigurations = (
				9DE20FFE2D13744C00441D75 /* Debug */,
				9DE20FFF2D13744C00441D75 /* Release */,
			);
			defaultConfigurationIsVisible = 0;
			defaultConfigurationName = Release;
		};
/* End XCConfigurationList section */
	};
	rootObject = 9DE20FC12D13744A00441D75 /* Project object */;
}
